
Microsoft Visual Studio Solution File, Format Version 12.00
Project("{FAE04EC0-301F-11D3-BF4B-00C04F79EFBC}") = "Emz Rest API Client", "EmzApiClient\EmzApiClient.csproj", "{F1B3D6AD-A6CA-464D-A53E-4F45DA8E98F3}"
EndProject
Project("{2150E333-8FDC-42A3-9474-1A3956D46DE8}") = "Items", "Items", "{A9C444E8-C073-421C-A817-BF5D833C9462}"
ProjectSection(SolutionItems) = preProject
	LICENSE = LICENSE
	_config.yml = _config.yml
	.gitignore = .gitignore
EndProjectSection
EndProject
Project("{FAE04EC0-301F-11D3-BF4B-00C04F79EFBC}") = "EmzApiClient.UsageSample", "EmzApiClient.UsageSample\EmzApiClient.UsageSample.csproj", "{43269BF6-6A7A-4AC5-BB45-85C3189A49D8}"
EndProject
Global
	GlobalSection(SolutionConfigurationPlatforms) = preSolution
		Debug|Any CPU = Debug|Any CPU
		Release|Any CPU = Release|Any CPU
	EndGlobalSection
	GlobalSection(ProjectConfigurationPlatforms) = postSolution
		{F1B3D6AD-A6CA-464D-A53E-4F45DA8E98F3}.Debug|Any CPU.ActiveCfg = Debug|Any CPU
		{F1B3D6AD-A6CA-464D-A53E-4F45DA8E98F3}.Debug|Any CPU.Build.0 = Debug|Any CPU
		{F1B3D6AD-A6CA-464D-A53E-4F45DA8E98F3}.Release|Any CPU.ActiveCfg = Release|Any CPU
		{F1B3D6AD-A6CA-464D-A53E-4F45DA8E98F3}.Release|Any CPU.Build.0 = Release|Any CPU
		{43269BF6-6A7A-4AC5-BB45-85C3189A49D8}.Debug|Any CPU.ActiveCfg = Debug|Any CPU
		{43269BF6-6A7A-4AC5-BB45-85C3189A49D8}.Debug|Any CPU.Build.0 = Debug|Any CPU
		{43269BF6-6A7A-4AC5-BB45-85C3189A49D8}.Release|Any CPU.ActiveCfg = Release|Any CPU
		{43269BF6-6A7A-4AC5-BB45-85C3189A49D8}.Release|Any CPU.Build.0 = Release|Any CPU
	EndGlobalSection
EndGlobal
